
Microsoft Visual Studio Solution File, Format Version 12.00
# Visual Studio Version 17
VisualStudioVersion = 17.13.35931.197 d17.13
MinimumVisualStudioVersion = 10.0.40219.1
Project("{FAE04EC0-301F-11D3-BF4B-00C04F79EFBC}") = "LAM_App", "LAM_App.csproj", "{D98BAB53-D282-4D83-B9CA-599A00928486}"
EndProject
Global
	GlobalSection(SolutionConfigurationPlatforms) = preSolution
		Debug|Any CPU = Debug|Any CPU
		Release|Any CPU = Release|Any CPU
	EndGlobalSection
	GlobalSection(ProjectConfigurationPlatforms) = postSolution
		{D98BAB53-D282-4D83-B9CA-599A00928486}.Debug|Any CPU.ActiveCfg = Debug|Any CPU
		{D98BAB53-D282-4D83-B9CA-599A00928486}.Debug|Any CPU.Build.0 = Debug|Any CPU
		{D98BAB53-D282-4D83-B9CA-599A00928486}.Release|Any CPU.ActiveCfg = Release|Any CPU
		{D98BAB53-D282-4D83-B9CA-599A00928486}.Release|Any CPU.Build.0 = Release|Any CPU
	EndGlobalSection
	GlobalSection(SolutionProperties) = preSolution
		HideSolutionNode = FALSE
	EndGlobalSection
	GlobalSection(ExtensibilityGlobals) = postSolution
		SolutionGuid = {E9F0ADB9-B10C-4C4A-BC32-69933D7AF713}
	EndGlobalSection
EndGlobal
